
Microsoft Visual Studio Solution File, Format Version 12.00
# Visual Studio 15
VisualStudioVersion = 15.0.27130.2010
MinimumVisualStudioVersion = 10.0.40219.1
Project("{151D2E53-A2C4-4D7D-83FE-D05416EBD58E}") = "ARG", "ARG\ARG.deployproj", "{08C586CE-F81E-4390-910F-1A99DF8DEACB}"
EndProject
Global
	GlobalSection(SolutionConfigurationPlatforms) = preSolution
		Debug|Any CPU = Debug|Any CPU
		Release|Any CPU = Release|Any CPU
	EndGlobalSection
	GlobalSection(ProjectConfigurationPlatforms) = postSolution
		{08C586CE-F81E-4390-910F-1A99DF8DEACB}.Debug|Any CPU.ActiveCfg = Debug|Any CPU
		{08C586CE-F81E-4390-910F-1A99DF8DEACB}.Debug|Any CPU.Build.0 = Debug|Any CPU
		{08C586CE-F81E-4390-910F-1A99DF8DEACB}.Release|Any CPU.ActiveCfg = Release|Any CPU
		{08C586CE-F81E-4390-910F-1A99DF8DEACB}.Release|Any CPU.Build.0 = Release|Any CPU
	EndGlobalSection
	GlobalSection(SolutionProperties) = preSolution
		HideSolutionNode = FALSE
	EndGlobalSection
	GlobalSection(ExtensibilityGlobals) = postSolution
		SolutionGuid = {18B6C4BE-EB41-4BA5-820A-4A6E2710959F}
	EndGlobalSection
EndGlobal
