
Microsoft Visual Studio Solution File, Format Version 12.00
# Visual Studio 15
VisualStudioVersion = 15.0.27130.2010
MinimumVisualStudioVersion = 10.0.40219.1
Project("{151D2E53-A2C4-4D7D-83FE-D05416EBD58E}") = "DemoApp", "DemoApp\DemoApp.deployproj", "{280FF6E8-1C5D-433E-AC5D-DEDD4A857557}"
EndProject
Global
	GlobalSection(SolutionConfigurationPlatforms) = preSolution
		Debug|Any CPU = Debug|Any CPU
		Release|Any CPU = Release|Any CPU
	EndGlobalSection
	GlobalSection(ProjectConfigurationPlatforms) = postSolution
		{280FF6E8-1C5D-433E-AC5D-DEDD4A857557}.Debug|Any CPU.ActiveCfg = Debug|Any CPU
		{280FF6E8-1C5D-433E-AC5D-DEDD4A857557}.Debug|Any CPU.Build.0 = Debug|Any CPU
		{280FF6E8-1C5D-433E-AC5D-DEDD4A857557}.Release|Any CPU.ActiveCfg = Release|Any CPU
		{280FF6E8-1C5D-433E-AC5D-DEDD4A857557}.Release|Any CPU.Build.0 = Release|Any CPU
	EndGlobalSection
	GlobalSection(SolutionProperties) = preSolution
		HideSolutionNode = FALSE
	EndGlobalSection
	GlobalSection(ExtensibilityGlobals) = postSolution
		SolutionGuid = {5B2E51CE-948A-49CB-BB7E-330B08B1B423}
	EndGlobalSection
EndGlobal
